{
  "name": "dsh-mcp-connector-registry",
  "version": "1.0.0",
  "lockfileVersion": 3,
  "requires": true,
  "packages": {
    "": {
      "name": "dsh-mcp-connector-registry",
      "version": "1.0.0",
      "license": "MIT",
      "devDependencies": {
        "dsh-mcp-connector": "^0.2.18",
        "zod": "^4.4.0"
      },
      "engines": {
        "node": ">=20"
      }
    },
    "node_modules/dsh-mcp-connector": {
      "version": "0.2.18",
      "resolved": "https://registry.npmjs.org/dsh-mcp-connector/-/dsh-mcp-connector-0.2.18.tgz",
      "integrity": "sha512-LQ+JtArogu2uA2VoOq5rGGq0kUSOhEZ3POYBtqmygPduefsZMwtXkudl+5liAUejg9Fdg4C8gCfqrcaEYpcg2g==",
      "dev": true,
      "license": "MIT",
      "bin": {
        "dsh-mcp-connector-probe": "scripts/probe-connector.mjs"
      },
      "engines": {
        "node": ">=20"
      },
      "peerDependencies": {
        "@deepseek-ai/cordis": "^4.0.1",
        "@deepseek-ai/dsh-client-runtime": "*",
        "@deepseek-ai/dsh-client-ui-conversation": "*",
        "@deepseek-ai/dsh-client-ui-layout": "*",
        "@deepseek-ai/dsh-mcp-client": "^0.1.1-rc.2",
        "@deepseek-ai/dsh-storage-domain": "*",
        "@deepseek-ai/schemastery": "^3.18.1",
        "react": "^18.2.0",
        "react-dom": "^18.2.0",
        "zod": "^4.4.0"
      }
    },
    "node_modules/zod": {
      "version": "4.4.3",
      "resolved": "https://registry.npmjs.org/zod/-/zod-4.4.3.tgz",
      "integrity": "sha512-ytENFjIJFl2UwYglde2jchW2Hwm4GJFLDiSXWdTrJQBIN9Fcyp7n4DhxJEiWNAJMV1/BqWfW/kkg71UDcHJyTQ==",
      "dev": true,
      "license": "MIT",
      "funding": {
        "url": "https://github.com/sponsors/colinhacks"
      }
    }
  }
}
